{
  "name": "wavyflux-encoder",
  "lockfileVersion": 3,
  "requires": true,
  "packages": {
    "": {
      "name": "wavyflux-encoder",
      "dependencies": {
        "@hono/node-server": "^1.10.1",
        "hono": "^4.4.7"
      },
      "devDependencies": {
        "typescript": "^5.6.3"
      }
    },
    "node_modules/@hono/node-server": {
      "version": "1.19.7",
      "resolved": "https://registry.npmjs.org/@hono/node-server/-/node-server-1.19.7.tgz",
      "integrity": "sha512-vUcD0uauS7EU2caukW8z5lJKtoGMokxNbJtBiwHgpqxEXokaHCBkQUmCHhjFB1VUTWdqj25QoMkMKzgjq+uhrw==",
      "license": "MIT",
      "engines": {
        "node": ">=18.14.1"
      },
      "peerDependencies": {
        "hono": "^4"
      }
    },
    "node_modules/hono": {
      "version": "4.10.7",
      "resolved": "https://registry.npmjs.org/hono/-/hono-4.10.7.tgz",
      "integrity": "sha512-icXIITfw/07Q88nLSkB9aiUrd8rYzSweK681Kjo/TSggaGbOX4RRyxxm71v+3PC8C/j+4rlxGeoTRxQDkaJkUw==",
      "license": "MIT",
      "engines": {
        "node": ">=16.9.0"
      }
    },
    "node_modules/typescript": {
      "version": "5.9.3",
      "resolved": "https://registry.npmjs.org/typescript/-/typescript-5.9.3.tgz",
      "integrity": "sha512-jl1vZzPDinLr9eUt3J/t7V6FgNEw9QjvBPdysz9KfQDD41fQrC2Y4vKQdiaUpFT4bXlb1RHhLpp8wtm6M5TgSw==",
      "dev": true,
      "license": "Apache-2.0",
      "bin": {
        "tsc": "bin/tsc",
        "tsserver": "bin/tsserver"
      },
      "engines": {
        "node": ">=14.17"
      }
    }
  }
}
